
Microsoft Visual Studio Solution File, Format Version 12.00
# Visual Studio Version 17
VisualStudioVersion = 17.3.32811.315
MinimumVisualStudioVersion = 10.0.40219.1
Project("{9A19103F-16F7-4668-BE54-9A1E7A4F7556}") = "TosunlarYapiMarket.Data", "TosunlarYapiMarket.Data\TosunlarYapiMarket.Data.csproj", "{719F0339-6F89-4267-9942-C4D37B9AAF5F}"
EndProject
Project("{9A19103F-16F7-4668-BE54-9A1E7A4F7556}") = "TosunlarYapiMarket.Business", "TosunlarYapiMarket.Business\TosunlarYapiMarket.Business.csproj", "{0E1540AE-B1DC-4653-B94B-7504C4CD67E7}"
EndProject
Project("{9A19103F-16F7-4668-BE54-9A1E7A4F7556}") = "TosunlarYapiMarket.Entity", "TosunlarYapiMarket.Entity\TosunlarYapiMarket.Entity.csproj", "{92724B6F-2266-48D4-B5E0-27522A2B380A}"
EndProject
Project("{9A19103F-16F7-4668-BE54-9A1E7A4F7556}") = "TosunlarYapiMarket.Core", "TosunlarYapiMarket.Core\TosunlarYapiMarket.Core.csproj", "{AF436A0F-76D8-4F1B-963A-0AE94F99851A}"
EndProject
Project("{FAE04EC0-301F-11D3-BF4B-00C04F79EFBC}") = "TosunlarYapiMarket.WebUI", "TosunlarYapiMarket.WebUI\TosunlarYapiMarket.WebUI.csproj", "{C38AFF16-1054-42F2-AF2C-D6BD404A3FAE}"
EndProject
Global
	GlobalSection(SolutionConfigurationPlatforms) = preSolution
		Debug|Any CPU = Debug|Any CPU
		Release|Any CPU = Release|Any CPU
	EndGlobalSection
	GlobalSection(ProjectConfigurationPlatforms) = postSolution
		{719F0339-6F89-4267-9942-C4D37B9AAF5F}.Debug|Any CPU.ActiveCfg = Debug|Any CPU
		{719F0339-6F89-4267-9942-C4D37B9AAF5F}.Debug|Any CPU.Build.0 = Debug|Any CPU
		{719F0339-6F89-4267-9942-C4D37B9AAF5F}.Release|Any CPU.ActiveCfg = Release|Any CPU
		{719F0339-6F89-4267-9942-C4D37B9AAF5F}.Release|Any CPU.Build.0 = Release|Any CPU
		{0E1540AE-B1DC-4653-B94B-7504C4CD67E7}.Debug|Any CPU.ActiveCfg = Debug|Any CPU
		{0E1540AE-B1DC-4653-B94B-7504C4CD67E7}.Debug|Any CPU.Build.0 = Debug|Any CPU
		{0E1540AE-B1DC-4653-B94B-7504C4CD67E7}.Release|Any CPU.ActiveCfg = Release|Any CPU
		{0E1540AE-B1DC-4653-B94B-7504C4CD67E7}.Release|Any CPU.Build.0 = Release|Any CPU
		{92724B6F-2266-48D4-B5E0-27522A2B380A}.Debug|Any CPU.ActiveCfg = Debug|Any CPU
		{92724B6F-2266-48D4-B5E0-27522A2B380A}.Debug|Any CPU.Build.0 = Debug|Any CPU
		{92724B6F-2266-48D4-B5E0-27522A2B380A}.Release|Any CPU.ActiveCfg = Release|Any CPU
		{92724B6F-2266-48D4-B5E0-27522A2B380A}.Release|Any CPU.Build.0 = Release|Any CPU
		{AF436A0F-76D8-4F1B-963A-0AE94F99851A}.Debug|Any CPU.ActiveCfg = Debug|Any CPU
		{AF436A0F-76D8-4F1B-963A-0AE94F99851A}.Debug|Any CPU.Build.0 = Debug|Any CPU
		{AF436A0F-76D8-4F1B-963A-0AE94F99851A}.Release|Any CPU.ActiveCfg = Release|Any CPU
		{AF436A0F-76D8-4F1B-963A-0AE94F99851A}.Release|Any CPU.Build.0 = Release|Any CPU
		{C38AFF16-1054-42F2-AF2C-D6BD404A3FAE}.Debug|Any CPU.ActiveCfg = Debug|Any CPU
		{C38AFF16-1054-42F2-AF2C-D6BD404A3FAE}.Debug|Any CPU.Build.0 = Debug|Any CPU
		{C38AFF16-1054-42F2-AF2C-D6BD404A3FAE}.Release|Any CPU.ActiveCfg = Release|Any CPU
		{C38AFF16-1054-42F2-AF2C-D6BD404A3FAE}.Release|Any CPU.Build.0 = Release|Any CPU
	EndGlobalSection
	GlobalSection(SolutionProperties) = preSolution
		HideSolutionNode = FALSE
	EndGlobalSection
	GlobalSection(ExtensibilityGlobals) = postSolution
		SolutionGuid = {D6E8BC16-CE4B-4B8B-B225-1A4F8E2237BD}
	EndGlobalSection
EndGlobal
